{
  "requires": true,
  "lockfileVersion": 1,
  "dependencies": {
    "angular-cron-gen": {
      "version": "1.0.0",
      "resolved": "https://registry.npmjs.org/angular-cron-gen/-/angular-cron-gen-1.0.0.tgz",
      "integrity": "sha512-ilyL5jPfgAJOUX59X92jV+rYKi+Y2cDgtcfWNBwrmsT42cfBDVzP2G4spxLpoFDfTnojnW+ulr2FO+xiXeDXiQ=="
    }
  }
}
